
Microsoft Visual Studio Solution File, Format Version 12.00
# Visual Studio Version 16
VisualStudioVersion = 16.0.30011.22
MinimumVisualStudioVersion = 10.0.40219.1
Project("{2150E333-8FDC-42A3-9474-1A3956D46DE8}") = ".configs", ".configs", "{34A925C2-B169-41B4-84DF-4CF9181C9710}"
	ProjectSection(SolutionItems) = preProject
		NuGet.Config = NuGet.Config
	EndProjectSection
EndProject
Project("{2150E333-8FDC-42A3-9474-1A3956D46DE8}") = "benchmarks", "benchmarks", "{11BB2224-A82C-4522-A0A7-F5F744DD6178}"
EndProject
Project("{2150E333-8FDC-42A3-9474-1A3956D46DE8}") = "src", "src", "{1822EBDE-4733-491D-A9A0-11FEA8CE1F66}"
EndProject
Project("{2150E333-8FDC-42A3-9474-1A3956D46DE8}") = "Solution Items", "Solution Items", "{134917EE-68A8-455D-8ECF-AC30FCD4810D}"
	ProjectSection(SolutionItems) = preProject
		appveyor.yml = appveyor.yml
		build.ps1 = build.ps1
		icon.png = icon.png
		README.md = README.md
	EndProjectSection
EndProject
Project("{2150E333-8FDC-42A3-9474-1A3956D46DE8}") = "examples", "examples", "{40F81756-9511-43F6-97C2-E1CE0C8C4032}"
EndProject
Project("{9A19103F-16F7-4668-BE54-9A1E7A4F7556}") = "Modulos.Messaging.Abstractions", "src\Modulos.Messaging.Abstractions\Modulos.Messaging.Abstractions.csproj", "{0B9BAE53-BA10-465A-817F-D31C927DCBB6}"
EndProject
Global
	GlobalSection(SolutionConfigurationPlatforms) = preSolution
		Debug|Any CPU = Debug|Any CPU
		Release|Any CPU = Release|Any CPU
	EndGlobalSection
	GlobalSection(ProjectConfigurationPlatforms) = postSolution
		{0B9BAE53-BA10-465A-817F-D31C927DCBB6}.Debug|Any CPU.ActiveCfg = Debug|Any CPU
		{0B9BAE53-BA10-465A-817F-D31C927DCBB6}.Debug|Any CPU.Build.0 = Debug|Any CPU
		{0B9BAE53-BA10-465A-817F-D31C927DCBB6}.Release|Any CPU.ActiveCfg = Release|Any CPU
		{0B9BAE53-BA10-465A-817F-D31C927DCBB6}.Release|Any CPU.Build.0 = Release|Any CPU
	EndGlobalSection
	GlobalSection(SolutionProperties) = preSolution
		HideSolutionNode = FALSE
	EndGlobalSection
	GlobalSection(NestedProjects) = preSolution
		{0B9BAE53-BA10-465A-817F-D31C927DCBB6} = {1822EBDE-4733-491D-A9A0-11FEA8CE1F66}
	EndGlobalSection
	GlobalSection(ExtensibilityGlobals) = postSolution
		SolutionGuid = {4C18E66A-240C-429A-AA96-942CA9C8903A}
	EndGlobalSection
EndGlobal
